// !$*UTF8*$!
{
	archiveVersion = 1;
	classes = {
	};
	objectVersion = 46;
	objects = {

/* Begin PBXBuildFile section */
		1C178CB47AFB489C9DEE3D8B /* libPods-Winemember.a in Frameworks */ = {isa = PBXBuildFile; fileRef = 750B491077C240368C599C0D /* libPods-Winemember.a */; };
		57BD887B1991AB2A009E2902 /* Foundation.framework in Frameworks */ = {isa = PBXBuildFile; fileRef = 57BD887A1991AB2A009E2902 /* Foundation.framework */; };
		57BD887D1991AB2A009E2902 /* CoreGraphics.framework in Frameworks */ = {isa = PBXBuildFile; fileRef = 57BD887C1991AB2A009E2902 /* CoreGraphics.framework */; };
		57BD887F1991AB2A009E2902 /* UIKit.framework in Frameworks */ = {isa = PBXBuildFile; fileRef = 57BD887E1991AB2A009E2902 /* UIKit.framework */; };
		57BD88811991AB2A009E2902 /* CoreData.framework in Frameworks */ = {isa = PBXBuildFile; fileRef = 57BD88801991AB2A009E2902 /* CoreData.framework */; };
		57BD88871991AB2A009E2902 /* InfoPlist.strings in Resources */ = {isa = PBXBuildFile; fileRef = 57BD88851991AB2A009E2902 /* InfoPlist.strings */; };
		57BD88891991AB2A009E2902 /* main.m in Sources */ = {isa = PBXBuildFile; fileRef = 57BD88881991AB2A009E2902 /* main.m */; };
		57BD888D1991AB2A009E2902 /* AppDelegate.m in Sources */ = {isa = PBXBuildFile; fileRef = 57BD888C1991AB2A009E2902 /* AppDelegate.m */; };
		57BD88901991AB2A009E2902 /* Winemember.xcdatamodeld in Sources */ = {isa = PBXBuildFile; fileRef = 57BD888E1991AB2A009E2902 /* Winemember.xcdatamodeld */; };
		57BD88921991AB2A009E2902 /* Images.xcassets in Resources */ = {isa = PBXBuildFile; fileRef = 57BD88911991AB2A009E2902 /* Images.xcassets */; };
		57BD88991991AB2A009E2902 /* XCTest.framework in Frameworks */ = {isa = PBXBuildFile; fileRef = 57BD88981991AB2A009E2902 /* XCTest.framework */; };
		57BD889A1991AB2A009E2902 /* Foundation.framework in Frameworks */ = {isa = PBXBuildFile; fileRef = 57BD887A1991AB2A009E2902 /* Foundation.framework */; };
		57BD889B1991AB2A009E2902 /* UIKit.framework in Frameworks */ = {isa = PBXBuildFile; fileRef = 57BD887E1991AB2A009E2902 /* UIKit.framework */; };
		57BD889C1991AB2A009E2902 /* CoreData.framework in Frameworks */ = {isa = PBXBuildFile; fileRef = 57BD88801991AB2A009E2902 /* CoreData.framework */; };
		57BD88A41991AB2A009E2902 /* InfoPlist.strings in Resources */ = {isa = PBXBuildFile; fileRef = 57BD88A21991AB2A009E2902 /* InfoPlist.strings */; };
		57BD88A61991AB2A009E2902 /* WinememberTests.m in Sources */ = {isa = PBXBuildFile; fileRef = 57BD88A51991AB2A009E2902 /* WinememberTests.m */; };
		57BD88B11993207D009E2902 /* CoreDataStack.m in Sources */ = {isa = PBXBuildFile; fileRef = 57BD88B01993207D009E2902 /* CoreDataStack.m */; };
		57BD88B419932923009E2902 /* WineEntry.m in Sources */ = {isa = PBXBuildFile; fileRef = 57BD88B319932923009E2902 /* WineEntry.m */; };
		57BD88B6199459B7009E2902 /* Storyboard.storyboard in Resources */ = {isa = PBXBuildFile; fileRef = 57BD88B5199459B7009E2902 /* Storyboard.storyboard */; };
		57E0E89619946864009A5F12 /* NewEntryViewController.m in Sources */ = {isa = PBXBuildFile; fileRef = 57E0E89519946864009A5F12 /* NewEntryViewController.m */; };
/* End PBXBuildFile section */

/* Begin PBXContainerItemProxy section */
		57BD889D1991AB2A009E2902 /* PBXContainerItemProxy */ = {
			isa = PBXContainerItemProxy;
			containerPortal = 57BD886F1991AB2A009E2902 /* Project object */;
			proxyType = 1;
			remoteGlobalIDString = 57BD88761991AB2A009E2902;
			remoteInfo = Winemember;
		};
/* End PBXContainerItemProxy section */

/* Begin PBXFileReference section */
		57BD88771991AB2A009E2902 /* Winemember.app */ = {isa = PBXFileReference; explicitFileType = wrapper.application; includeInIndex = 0; path = Winemember.app; sourceTree = BUILT_PRODUCTS_DIR; };
		57BD887A1991AB2A009E2902 /* Foundation.framework */ = {isa = PBXFileReference; lastKnownFileType = wrapper.framework; name = Foundation.framework; path = System/Library/Frameworks/Foundation.framework; sourceTree = SDKROOT; };
		57BD887C1991AB2A009E2902 /* CoreGraphics.framework */ = {isa = PBXFileReference; lastKnownFileType = wrapper.framework; name = CoreGraphics.framework; path = System/Library/Frameworks/CoreGraphics.framework; sourceTree = SDKROOT; };
		57BD887E1991AB2A009E2902 /* UIKit.framework */ = {isa = PBXFileReference; lastKnownFileType = wrapper.framework; name = UIKit.framework; path = System/Library/Frameworks/UIKit.framework; sourceTree = SDKROOT; };
		57BD88801991AB2A009E2902 /* CoreData.framework */ = {isa = PBXFileReference; lastKnownFileType = wrapper.framework; name = CoreData.framework; path = System/Library/Frameworks/CoreData.framework; sourceTree = SDKROOT; };
		57BD88841991AB2A009E2902 /* Winemember-Info.plist */ = {isa = PBXFileReference; lastKnownFileType = text.plist.xml; path = "Winemember-Info.plist"; sourceTree = "<group>"; };
		57BD88861991AB2A009E2902 /* en */ = {isa = PBXFileReference; lastKnownFileType = text.plist.strings; name = en; path = en.lproj/InfoPlist.strings; sourceTree = "<group>"; };
		57BD88881991AB2A009E2902 /* main.m */ = {isa = PBXFileReference; lastKnownFileType = sourcecode.c.objc; path = main.m; sourceTree = "<group>"; };
		57BD888A1991AB2A009E2902 /* Winemember-Prefix.pch */ = {isa = PBXFileReference; lastKnownFileType = sourcecode.c.h; path = "Winemember-Prefix.pch"; sourceTree = "<group>"; };
		57BD888B1991AB2A009E2902 /* AppDelegate.h */ = {isa = PBXFileReference; lastKnownFileType = sourcecode.c.h; path = AppDelegate.h; sourceTree = "<group>"; };
		57BD888C1991AB2A009E2902 /* AppDelegate.m */ = {isa = PBXFileReference; lastKnownFileType = sourcecode.c.objc; path = AppDelegate.m; sourceTree = "<group>"; };
		57BD888F1991AB2A009E2902 /* Winemember.xcdatamodel */ = {isa = PBXFileReference; lastKnownFileType = wrapper.xcdatamodel; path = Winemember.xcdatamodel; sourceTree = "<group>"; };
		57BD88911991AB2A009E2902 /* Images.xcassets */ = {isa = PBXFileReference; lastKnownFileType = folder.assetcatalog; path = Images.xcassets; sourceTree = "<group>"; };
		57BD88971991AB2A009E2902 /* WinememberTests.xctest */ = {isa = PBXFileReference; explicitFileType = wrapper.cfbundle; includeInIndex = 0; path = WinememberTests.xctest; sourceTree = BUILT_PRODUCTS_DIR; };
		57BD88981991AB2A009E2902 /* XCTest.framework */ = {isa = PBXFileReference; lastKnownFileType = wrapper.framework; name = XCTest.framework; path = Library/Frameworks/XCTest.framework; sourceTree = DEVELOPER_DIR; };
		57BD88A11991AB2A009E2902 /* WinememberTests-Info.plist */ = {isa = PBXFileReference; lastKnownFileType = text.plist.xml; path = "WinememberTests-Info.plist"; sourceTree = "<group>"; };
		57BD88A31991AB2A009E2902 /* en */ = {isa = PBXFileReference; lastKnownFileType = text.plist.strings; name = en; path = en.lproj/InfoPlist.strings; sourceTree = "<group>"; };
		57BD88A51991AB2A009E2902 /* WinememberTests.m */ = {isa = PBXFileReference; lastKnownFileType = sourcecode.c.objc; path = WinememberTests.m; sourceTree = "<group>"; };
		57BD88AF1993207D009E2902 /* CoreDataStack.h */ = {isa = PBXFileReference; fileEncoding = 4; lastKnownFileType = sourcecode.c.h; path = CoreDataStack.h; sourceTree = "<group>"; };
		57BD88B01993207D009E2902 /* CoreDataStack.m */ = {isa = PBXFileReference; fileEncoding = 4; lastKnownFileType = sourcecode.c.objc; path = CoreDataStack.m; sourceTree = "<group>"; };
		57BD88B219932923009E2902 /* WineEntry.h */ = {isa = PBXFileReference; fileEncoding = 4; lastKnownFileType = sourcecode.c.h; path = WineEntry.h; sourceTree = "<group>"; };
		57BD88B319932923009E2902 /* WineEntry.m */ = {isa = PBXFileReference; fileEncoding = 4; lastKnownFileType = sourcecode.c.objc; path = WineEntry.m; sourceTree = "<group>"; };
		57BD88B5199459B7009E2902 /* Storyboard.storyboard */ = {isa = PBXFileReference; fileEncoding = 4; lastKnownFileType = file.storyboard; path = Storyboard.storyboard; sourceTree = "<group>"; };
		57E0E89419946864009A5F12 /* NewEntryViewController.h */ = {isa = PBXFileReference; fileEncoding = 4; lastKnownFileType = sourcecode.c.h; path = NewEntryViewController.h; sourceTree = "<group>"; };
		57E0E89519946864009A5F12 /* NewEntryViewController.m */ = {isa = PBXFileReference; fileEncoding = 4; lastKnownFileType = sourcecode.c.objc; path = NewEntryViewController.m; sourceTree = "<group>"; };
		615174D622494CA1ABA9C2E9 /* Pods-Winemember.xcconfig */ = {isa = PBXFileReference; includeInIndex = 1; lastKnownFileType = text.xcconfig; name = "Pods-Winemember.xcconfig"; path = "Pods/Pods-Winemember.xcconfig"; sourceTree = "<group>"; };
		750B491077C240368C599C0D /* libPods-Winemember.a */ = {isa = PBXFileReference; explicitFileType = archive.ar; includeInIndex = 0; path = "libPods-Winemember.a"; sourceTree = BUILT_PRODUCTS_DIR; };
/* End PBXFileReference section */

/* Begin PBXFrameworksBuildPhase section */
		57BD88741991AB2A009E2902 /* Frameworks */ = {
			isa = PBXFrameworksBuildPhase;
			buildActionMask = 2147483647;
			files = (
				57BD887D1991AB2A009E2902 /* CoreGraphics.framework in Frameworks */,
				57BD88811991AB2A009E2902 /* CoreData.framework in Frameworks */,
				57BD887F1991AB2A009E2902 /* UIKit.framework in Frameworks */,
				57BD887B1991AB2A009E2902 /* Foundation.framework in Frameworks */,
				1C178CB47AFB489C9DEE3D8B /* libPods-Winemember.a in Frameworks */,
			);
			runOnlyForDeploymentPostprocessing = 0;
		};
		57BD88941991AB2A009E2902 /* Frameworks */ = {
			isa = PBXFrameworksBuildPhase;
			buildActionMask = 2147483647;
			files = (
				57BD88991991AB2A009E2902 /* XCTest.framework in Frameworks */,
				57BD889C1991AB2A009E2902 /* CoreData.framework in Frameworks */,
				57BD889B1991AB2A009E2902 /* UIKit.framework in Frameworks */,
				57BD889A1991AB2A009E2902 /* Foundation.framework in Frameworks */,
			);
			runOnlyForDeploymentPostprocessing = 0;
		};
/* End PBXFrameworksBuildPhase section */

/* Begin PBXGroup section */
		57BD886E1991AB2A009E2902 = {
			isa = PBXGroup;
			children = (
				57BD88821991AB2A009E2902 /* Winemember */,
				57BD889F1991AB2A009E2902 /* WinememberTests */,
				57BD88791991AB2A009E2902 /* Frameworks */,
				57BD88781991AB2A009E2902 /* Products */,
				615174D622494CA1ABA9C2E9 /* Pods-Winemember.xcconfig */,
			);
			sourceTree = "<group>";
		};
		57BD88781991AB2A009E2902 /* Products */ = {
			isa = PBXGroup;
			children = (
				57BD88771991AB2A009E2902 /* Winemember.app */,
				57BD88971991AB2A009E2902 /* WinememberTests.xctest */,
			);
			name = Products;
			sourceTree = "<group>";
		};
		57BD88791991AB2A009E2902 /* Frameworks */ = {
			isa = PBXGroup;
			children = (
				57BD887A1991AB2A009E2902 /* Foundation.framework */,
				57BD887C1991AB2A009E2902 /* CoreGraphics.framework */,
				57BD887E1991AB2A009E2902 /* UIKit.framework */,
				57BD88801991AB2A009E2902 /* CoreData.framework */,
				57BD88981991AB2A009E2902 /* XCTest.framework */,
				750B491077C240368C599C0D /* libPods-Winemember.a */,
			);
			name = Frameworks;
			sourceTree = "<group>";
		};
		57BD88821991AB2A009E2902 /* Winemember */ = {
			isa = PBXGroup;
			children = (
				57BD88AF1993207D009E2902 /* CoreDataStack.h */,
				57BD88B01993207D009E2902 /* CoreDataStack.m */,
				57BD888B1991AB2A009E2902 /* AppDelegate.h */,
				57BD888C1991AB2A009E2902 /* AppDelegate.m */,
				57BD88911991AB2A009E2902 /* Images.xcassets */,
				57BD888E1991AB2A009E2902 /* Winemember.xcdatamodeld */,
				57BD88B219932923009E2902 /* WineEntry.h */,
				57BD88B5199459B7009E2902 /* Storyboard.storyboard */,
				57E0E89419946864009A5F12 /* NewEntryViewController.h */,
				57E0E89519946864009A5F12 /* NewEntryViewController.m */,
				57BD88B319932923009E2902 /* WineEntry.m */,
				57BD88831991AB2A009E2902 /* Supporting Files */,
			);
			path = Winemember;
			sourceTree = "<group>";
		};
		57BD88831991AB2A009E2902 /* Supporting Files */ = {
			isa = PBXGroup;
			children = (
				57BD88841991AB2A009E2902 /* Winemember-Info.plist */,
				57BD88851991AB2A009E2902 /* InfoPlist.strings */,
				57BD88881991AB2A009E2902 /* main.m */,
				57BD888A1991AB2A009E2902 /* Winemember-Prefix.pch */,
			);
			name = "Supporting Files";
			sourceTree = "<group>";
		};
		57BD889F1991AB2A009E2902 /* WinememberTests */ = {
			isa = PBXGroup;
			children = (
				57BD88A51991AB2A009E2902 /* WinememberTests.m */,
				57BD88A01991AB2A009E2902 /* Supporting Files */,
			);
			path = WinememberTests;
			sourceTree = "<group>";
		};
		57BD88A01991AB2A009E2902 /* Supporting Files */ = {
			isa = PBXGroup;
			children = (
				57BD88A11991AB2A009E2902 /* WinememberTests-Info.plist */,
				57BD88A21991AB2A009E2902 /* InfoPlist.strings */,
			);
			name = "Supporting Files";
			sourceTree = "<group>";
		};
/* End PBXGroup section */

/* Begin PBXNativeTarget section */
		57BD88761991AB2A009E2902 /* Winemember */ = {
			isa = PBXNativeTarget;
			buildConfigurationList = 57BD88A91991AB2A009E2902 /* Build configuration list for PBXNativeTarget "Winemember" */;
			buildPhases = (
				1BBA798C491143CE89E52EF2 /* Check Pods Manifest.lock */,
				57BD88731991AB2A009E2902 /* Sources */,
				57BD88741991AB2A009E2902 /* Frameworks */,
				57BD88751991AB2A009E2902 /* Resources */,
				0DA23EA185D74CAEB874AAEB /* Copy Pods Resources */,
			);
			buildRules = (
			);
			dependencies = (
			);
			name = Winemember;
			productName = Winemember;
			productReference = 57BD88771991AB2A009E2902 /* Winemember.app */;
			productType = "com.apple.product-type.application";
		};
		57BD88961991AB2A009E2902 /* WinememberTests */ = {
			isa = PBXNativeTarget;
			buildConfigurationList = 57BD88AC1991AB2A009E2902 /* Build configuration list for PBXNativeTarget "WinememberTests" */;
			buildPhases = (
				57BD88931991AB2A009E2902 /* Sources */,
				57BD88941991AB2A009E2902 /* Frameworks */,
				57BD88951991AB2A009E2902 /* Resources */,
			);
			buildRules = (
			);
			dependencies = (
				57BD889E1991AB2A009E2902 /* PBXTargetDependency */,
			);
			name = WinememberTests;
			productName = WinememberTests;
			productReference = 57BD88971991AB2A009E2902 /* WinememberTests.xctest */;
			productType = "com.apple.product-type.bundle.unit-test";
		};
/* End PBXNativeTarget section */

/* Begin PBXProject section */
		57BD886F1991AB2A009E2902 /* Project object */ = {
			isa = PBXProject;
			attributes = {
				LastUpgradeCheck = 0510;
				ORGANIZATIONNAME = matthewchess;
				TargetAttributes = {
					57BD88761991AB2A009E2902 = {
						DevelopmentTeam = WT24N59ZSA;
					};
					57BD88961991AB2A009E2902 = {
						TestTargetID = 57BD88761991AB2A009E2902;
					};
				};
			};
			buildConfigurationList = 57BD88721991AB2A009E2902 /* Build configuration list for PBXProject "Winemember" */;
			compatibilityVersion = "Xcode 3.2";
			developmentRegion = English;
			hasScannedForEncodings = 0;
			knownRegions = (
				en,
			);
			mainGroup = 57BD886E1991AB2A009E2902;
			productRefGroup = 57BD88781991AB2A009E2902 /* Products */;
			projectDirPath = "";
			projectRoot = "";
			targets = (
				57BD88761991AB2A009E2902 /* Winemember */,
				57BD88961991AB2A009E2902 /* WinememberTests */,
			);
		};
/* End PBXProject section */

/* Begin PBXResourcesBuildPhase section */
		57BD88751991AB2A009E2902 /* Resources */ = {
			isa = PBXResourcesBuildPhase;
			buildActionMask = 2147483647;
			files = (
				57BD88871991AB2A009E2902 /* InfoPlist.strings in Resources */,
				57BD88921991AB2A009E2902 /* Images.xcassets in Resources */,
				57BD88B6199459B7009E2902 /* Storyboard.storyboard in Resources */,
			);
			runOnlyForDeploymentPostprocessing = 0;
		};
		57BD88951991AB2A009E2902 /* Resources */ = {
			isa = PBXResourcesBuildPhase;
			buildActionMask = 2147483647;
			files = (
				57BD88A41991AB2A009E2902 /* InfoPlist.strings in Resources */,
			);
			runOnlyForDeploymentPostprocessing = 0;
		};
/* End PBXResourcesBuildPhase section */

/* Begin PBXShellScriptBuildPhase section */
		0DA23EA185D74CAEB874AAEB /* Copy Pods Resources */ = {
			isa = PBXShellScriptBuildPhase;
			buildActionMask = 2147483647;
			files = (
			);
			inputPaths = (
			);
			name = "Copy Pods Resources";
			outputPaths = (
			);
			runOnlyForDeploymentPostprocessing = 0;
			shellPath = /bin/sh;
			shellScript = "\"${SRCROOT}/Pods/Pods-Winemember-resources.sh\"\n";
			showEnvVarsInLog = 0;
		};
		1BBA798C491143CE89E52EF2 /* Check Pods Manifest.lock */ = {
			isa = PBXShellScriptBuildPhase;
			buildActionMask = 2147483647;
			files = (
			);
			inputPaths = (
			);
			name = "Check Pods Manifest.lock";
			outputPaths = (
			);
			runOnlyForDeploymentPostprocessing = 0;
			shellPath = /bin/sh;
			shellScript = "diff \"${PODS_ROOT}/../Podfile.lock\" \"${PODS_ROOT}/Manifest.lock\" > /dev/null\nif [[ $? != 0 ]] ; then\n    cat << EOM\nerror: The sandbox is not in sync with the Podfile.lock. Run 'pod install' or update your CocoaPods installation.\nEOM\n    exit 1\nfi\n";
			showEnvVarsInLog = 0;
		};
/* End PBXShellScriptBuildPhase section */

/* Begin PBXSourcesBuildPhase section */
		57BD88731991AB2A009E2902 /* Sources */ = {
			isa = PBXSourcesBuildPhase;
			buildActionMask = 2147483647;
			files = (
				57BD88B419932923009E2902 /* WineEntry.m in Sources */,
				57BD888D1991AB2A009E2902 /* AppDelegate.m in Sources */,
				57E0E89619946864009A5F12 /* NewEntryViewController.m in Sources */,
				57BD88891991AB2A009E2902 /* main.m in Sources */,
				57BD88901991AB2A009E2902 /* Winemember.xcdatamodeld in Sources */,
				57BD88B11993207D009E2902 /* CoreDataStack.m in Sources */,
			);
			runOnlyForDeploymentPostprocessing = 0;
		};
		57BD88931991AB2A009E2902 /* Sources */ = {
			isa = PBXSourcesBuildPhase;
			buildActionMask = 2147483647;
			files = (
				57BD88A61991AB2A009E2902 /* WinememberTests.m in Sources */,
			);
			runOnlyForDeploymentPostprocessing = 0;
		};
/* End PBXSourcesBuildPhase section */

/* Begin PBXTargetDependency section */
		57BD889E1991AB2A009E2902 /* PBXTargetDependency */ = {
			isa = PBXTargetDependency;
			target = 57BD88761991AB2A009E2902 /* Winemember */;
			targetProxy = 57BD889D1991AB2A009E2902 /* PBXContainerItemProxy */;
		};
/* End PBXTargetDependency section */

/* Begin PBXVariantGroup section */
		57BD88851991AB2A009E2902 /* InfoPlist.strings */ = {
			isa = PBXVariantGroup;
			children = (
				57BD88861991AB2A009E2902 /* en */,
			);
			name = InfoPlist.strings;
			sourceTree = "<group>";
		};
		57BD88A21991AB2A009E2902 /* InfoPlist.strings */ = {
			isa = PBXVariantGroup;
			children = (
				57BD88A31991AB2A009E2902 /* en */,
			);
			name = InfoPlist.strings;
			sourceTree = "<group>";
		};
/* End PBXVariantGroup section */

/* Begin XCBuildConfiguration section */
		57BD88A71991AB2A009E2902 /* Debug */ = {
			isa = XCBuildConfiguration;
			buildSettings = {
				ALWAYS_SEARCH_USER_PATHS = NO;
				CLANG_CXX_LANGUAGE_STANDARD = "gnu++0x";
				CLANG_CXX_LIBRARY = "libc++";
				CLANG_ENABLE_MODULES = YES;
				CLANG_ENABLE_OBJC_ARC = YES;
				CLANG_WARN_BOOL_CONVERSION = YES;
				CLANG_WARN_CONSTANT_CONVERSION = YES;
				CLANG_WARN_DIRECT_OBJC_ISA_USAGE = YES_ERROR;
				CLANG_WARN_EMPTY_BODY = YES;
				CLANG_WARN_ENUM_CONVERSION = YES;
				CLANG_WARN_INT_CONVERSION = YES;
				CLANG_WARN_OBJC_ROOT_CLASS = YES_ERROR;
				CLANG_WARN__DUPLICATE_METHOD_MATCH = YES;
				"CODE_SIGN_IDENTITY[sdk=iphoneos*]" = "iPhone Developer";
				COPY_PHASE_STRIP = NO;
				GCC_C_LANGUAGE_STANDARD = gnu99;
				GCC_DYNAMIC_NO_PIC = NO;
				GCC_OPTIMIZATION_LEVEL = 0;
				GCC_PREPROCESSOR_DEFINITIONS = (
					"DEBUG=1",
					"$(inherited)",
				);
				GCC_SYMBOLS_PRIVATE_EXTERN = NO;
				GCC_WARN_64_TO_32_BIT_CONVERSION = YES;
				GCC_WARN_ABOUT_RETURN_TYPE = YES_ERROR;
				GCC_WARN_UNDECLARED_SELECTOR = YES;
				GCC_WARN_UNINITIALIZED_AUTOS = YES_AGGRESSIVE;
				GCC_WARN_UNUSED_FUNCTION = YES;
				GCC_WARN_UNUSED_VARIABLE = YES;
				IPHONEOS_DEPLOYMENT_TARGET = 7.1;
				ONLY_ACTIVE_ARCH = YES;
				SDKROOT = iphoneos;
			};
			name = Debug;
		};
		57BD88A81991AB2A009E2902 /* Release */ = {
			isa = XCBuildConfiguration;
			buildSettings = {
				ALWAYS_SEARCH_USER_PATHS = NO;
				CLANG_CXX_LANGUAGE_STANDARD = "gnu++0x";
				CLANG_CXX_LIBRARY = "libc++";
				CLANG_ENABLE_MODULES = YES;
				CLANG_ENABLE_OBJC_ARC = YES;
				CLANG_WARN_BOOL_CONVERSION = YES;
				CLANG_WARN_CONSTANT_CONVERSION = YES;
				CLANG_WARN_DIRECT_OBJC_ISA_USAGE = YES_ERROR;
				CLANG_WARN_EMPTY_BODY = YES;
				CLANG_WARN_ENUM_CONVERSION = YES;
				CLANG_WARN_INT_CONVERSION = YES;
				CLANG_WARN_OBJC_ROOT_CLASS = YES_ERROR;
				CLANG_WARN__DUPLICATE_METHOD_MATCH = YES;
				"CODE_SIGN_IDENTITY[sdk=iphoneos*]" = "iPhone Developer";
				COPY_PHASE_STRIP = YES;
				ENABLE_NS_ASSERTIONS = NO;
				GCC_C_LANGUAGE_STANDARD = gnu99;
				GCC_WARN_64_TO_32_BIT_CONVERSION = YES;
				GCC_WARN_ABOUT_RETURN_TYPE = YES_ERROR;
				GCC_WARN_UNDECLARED_SELECTOR = YES;
				GCC_WARN_UNINITIALIZED_AUTOS = YES_AGGRESSIVE;
				GCC_WARN_UNUSED_FUNCTION = YES;
				GCC_WARN_UNUSED_VARIABLE = YES;
				IPHONEOS_DEPLOYMENT_TARGET = 7.1;
				SDKROOT = iphoneos;
				VALIDATE_PRODUCT = YES;
			};
			name = Release;
		};
		57BD88AA1991AB2A009E2902 /* Debug */ = {
			isa = XCBuildConfiguration;
			baseConfigurationReference = 615174D622494CA1ABA9C2E9 /* Pods-Winemember.xcconfig */;
			buildSettings = {
				ASSETCATALOG_COMPILER_APPICON_NAME = AppIcon;
				ASSETCATALOG_COMPILER_LAUNCHIMAGE_NAME = LaunchImage;
				CODE_SIGN_IDENTITY = "iPhone Developer";
				"CODE_SIGN_IDENTITY[sdk=iphoneos*]" = "iPhone Developer";
				GCC_PRECOMPILE_PREFIX_HEADER = YES;
				GCC_PREFIX_HEADER = "Winemember/Winemember-Prefix.pch";
				INFOPLIST_FILE = "Winemember/Winemember-Info.plist";
				PRODUCT_NAME = "$(TARGET_NAME)";
				PROVISIONING_PROFILE = "";
				WRAPPER_EXTENSION = app;
			};
			name = Debug;
		};
		57BD88AB1991AB2A009E2902 /* Release */ = {
			isa = XCBuildConfiguration;
			baseConfigurationReference = 615174D622494CA1ABA9C2E9 /* Pods-Winemember.xcconfig */;
			buildSettings = {
				ASSETCATALOG_COMPILER_APPICON_NAME = AppIcon;
				ASSETCATALOG_COMPILER_LAUNCHIMAGE_NAME = LaunchImage;
				CODE_SIGN_IDENTITY = "iPhone Developer";
				"CODE_SIGN_IDENTITY[sdk=iphoneos*]" = "iPhone Developer";
				GCC_PRECOMPILE_PREFIX_HEADER = YES;
				GCC_PREFIX_HEADER = "Winemember/Winemember-Prefix.pch";
				INFOPLIST_FILE = "Winemember/Winemember-Info.plist";
				PRODUCT_NAME = "$(TARGET_NAME)";
				PROVISIONING_PROFILE = "";
				WRAPPER_EXTENSION = app;
			};
			name = Release;
		};
		57BD88AD1991AB2A009E2902 /* Debug */ = {
			isa = XCBuildConfiguration;
			buildSettings = {
				BUNDLE_LOADER = "$(BUILT_PRODUCTS_DIR)/Winemember.app/Winemember";
				FRAMEWORK_SEARCH_PATHS = (
					"$(SDKROOT)/Developer/Library/Frameworks",
					"$(inherited)",
					"$(DEVELOPER_FRAMEWORKS_DIR)",
				);
				GCC_PRECOMPILE_PREFIX_HEADER = YES;
				GCC_PREFIX_HEADER = "Winemember/Winemember-Prefix.pch";
				GCC_PREPROCESSOR_DEFINITIONS = (
					"DEBUG=1",
					"$(inherited)",
				);
				INFOPLIST_FILE = "WinememberTests/WinememberTests-Info.plist";
				PRODUCT_NAME = "$(TARGET_NAME)";
				TEST_HOST = "$(BUNDLE_LOADER)";
				WRAPPER_EXTENSION = xctest;
			};
			name = Debug;
		};
		57BD88AE1991AB2A009E2902 /* Release */ = {
			isa = XCBuildConfiguration;
			buildSettings = {
				BUNDLE_LOADER = "$(BUILT_PRODUCTS_DIR)/Winemember.app/Winemember";
				FRAMEWORK_SEARCH_PATHS = (
					"$(SDKROOT)/Developer/Library/Frameworks",
					"$(inherited)",
					"$(DEVELOPER_FRAMEWORKS_DIR)",
				);
				GCC_PRECOMPILE_PREFIX_HEADER = YES;
				GCC_PREFIX_HEADER = "Winemember/Winemember-Prefix.pch";
				INFOPLIST_FILE = "WinememberTests/WinememberTests-Info.plist";
				PRODUCT_NAME = "$(TARGET_NAME)";
				TEST_HOST = "$(BUNDLE_LOADER)";
				WRAPPER_EXTENSION = xctest;
			};
			name = Release;
		};
/* End XCBuildConfiguration section */

/* Begin XCConfigurationList section */
		57BD88721991AB2A009E2902 /* Build configuration list for PBXProject "Winemember" */ = {
			isa = XCConfigurationList;
			buildConfigurations = (
				57BD88A71991AB2A009E2902 /* Debug */,
				57BD88A81991AB2A009E2902 /* Release */,
			);
			defaultConfigurationIsVisible = 0;
			defaultConfigurationName = Release;
		};
		57BD88A91991AB2A009E2902 /* Build configuration list for PBXNativeTarget "Winemember" */ = {
			isa = XCConfigurationList;
			buildConfigurations = (
				57BD88AA1991AB2A009E2902 /* Debug */,
				57BD88AB1991AB2A009E2902 /* Release */,
			);
			defaultConfigurationIsVisible = 0;
			defaultConfigurationName = Release;
		};
		57BD88AC1991AB2A009E2902 /* Build configuration list for PBXNativeTarget "WinememberTests" */ = {
			isa = XCConfigurationList;
			buildConfigurations = (
				57BD88AD1991AB2A009E2902 /* Debug */,
				57BD88AE1991AB2A009E2902 /* Release */,
			);
			defaultConfigurationIsVisible = 0;
			defaultConfigurationName = Release;
		};
/* End XCConfigurationList section */

/* Begin XCVersionGroup section */
		57BD888E1991AB2A009E2902 /* Winemember.xcdatamodeld */ = {
			isa = XCVersionGroup;
			children = (
				57BD888F1991AB2A009E2902 /* Winemember.xcdatamodel */,
			);
			currentVersion = 57BD888F1991AB2A009E2902 /* Winemember.xcdatamodel */;
			path = Winemember.xcdatamodeld;
			sourceTree = "<group>";
			versionGroupType = wrapper.xcdatamodel;
		};
/* End XCVersionGroup section */
	};
	rootObject = 57BD886F1991AB2A009E2902 /* Project object */;
}
